
Microsoft Visual Studio Solution File, Format Version 12.00
# Visual Studio Version 16
VisualStudioVersion = 16.0.31624.102
MinimumVisualStudioVersion = 10.0.40219.1
Project("{FAE04EC0-301F-11D3-BF4B-00C04F79EFBC}") = "QualityOfSpeen", "QualityOfSpeen.csproj", "{A3F8707F-0C22-49C0-A5E2-CAB87A46438E}"
EndProject
Global
	GlobalSection(SolutionConfigurationPlatforms) = preSolution
		Debug|Any CPU = Debug|Any CPU
		Release|Any CPU = Release|Any CPU
	EndGlobalSection
	GlobalSection(ProjectConfigurationPlatforms) = postSolution
		{A3F8707F-0C22-49C0-A5E2-CAB87A46438E}.Debug|Any CPU.ActiveCfg = Debug|Any CPU
		{A3F8707F-0C22-49C0-A5E2-CAB87A46438E}.Debug|Any CPU.Build.0 = Debug|Any CPU
		{A3F8707F-0C22-49C0-A5E2-CAB87A46438E}.Release|Any CPU.ActiveCfg = Release|Any CPU
		{A3F8707F-0C22-49C0-A5E2-CAB87A46438E}.Release|Any CPU.Build.0 = Release|Any CPU
	EndGlobalSection
	GlobalSection(SolutionProperties) = preSolution
		HideSolutionNode = FALSE
	EndGlobalSection
	GlobalSection(ExtensibilityGlobals) = postSolution
		SolutionGuid = {6AE0BA9D-E3AD-4055-A2C9-741F8AC6D17D}
	EndGlobalSection
EndGlobal
